
Microsoft Visual Studio Solution File, Format Version 12.00
# Visual Studio 15
VisualStudioVersion = 15.0.28307.852
MinimumVisualStudioVersion = 10.0.40219.1
Project("{FAE04EC0-301F-11D3-BF4B-00C04F79EFBC}") = "DataAccessLayer", "DataAccessLayer\DataAccessLayer.csproj", "{750E2098-4EC2-4E6A-8118-E9BC76DBCAFC}"
EndProject
Project("{FAE04EC0-301F-11D3-BF4B-00C04F79EFBC}") = "WebAPISERVICE2", "WebAPISERVICE2\WebAPISERVICE2.csproj", "{874C78B4-E2CA-43C0-9AD7-CE5F1E6F7AE2}"
EndProject
Global
	GlobalSection(SolutionConfigurationPlatforms) = preSolution
		Debug|Any CPU = Debug|Any CPU
		Release|Any CPU = Release|Any CPU
	EndGlobalSection
	GlobalSection(ProjectConfigurationPlatforms) = postSolution
		{750E2098-4EC2-4E6A-8118-E9BC76DBCAFC}.Debug|Any CPU.ActiveCfg = Debug|Any CPU
		{750E2098-4EC2-4E6A-8118-E9BC76DBCAFC}.Debug|Any CPU.Build.0 = Debug|Any CPU
		{750E2098-4EC2-4E6A-8118-E9BC76DBCAFC}.Release|Any CPU.ActiveCfg = Release|Any CPU
		{750E2098-4EC2-4E6A-8118-E9BC76DBCAFC}.Release|Any CPU.Build.0 = Release|Any CPU
		{874C78B4-E2CA-43C0-9AD7-CE5F1E6F7AE2}.Debug|Any CPU.ActiveCfg = Debug|Any CPU
		{874C78B4-E2CA-43C0-9AD7-CE5F1E6F7AE2}.Debug|Any CPU.Build.0 = Debug|Any CPU
		{874C78B4-E2CA-43C0-9AD7-CE5F1E6F7AE2}.Release|Any CPU.ActiveCfg = Release|Any CPU
		{874C78B4-E2CA-43C0-9AD7-CE5F1E6F7AE2}.Release|Any CPU.Build.0 = Release|Any CPU
	EndGlobalSection
	GlobalSection(SolutionProperties) = preSolution
		HideSolutionNode = FALSE
	EndGlobalSection
	GlobalSection(ExtensibilityGlobals) = postSolution
		SolutionGuid = {48F6850C-54D1-4A19-AF2B-00B4F5F69220}
	EndGlobalSection
EndGlobal
